
Microsoft Visual Studio Solution File, Format Version 12.00
# Visual Studio Version 16
VisualStudioVersion = 16.0.29009.5
MinimumVisualStudioVersion = 10.0.40219.1
Project("{8BC9CEB8-8B4A-11D0-8D11-00A0C91BC942}") = "Button", "Button\Button.vcxproj", "{2B53DB60-9DE6-4870-87F6-06B0951AD306}"
EndProject
Project("{8BC9CEB8-8B4A-11D0-8D11-00A0C91BC942}") = "Animation", "Animation\Animation.vcxproj", "{7D16947F-E9BC-4803-85E1-BC41C67361E6}"
EndProject
Project("{8BC9CEB8-8B4A-11D0-8D11-00A0C91BC942}") = "ComboBox", "ComboBox\ComboBox.vcxproj", "{0DBA6926-357D-4BDB-ADCB-DE6DA33B3BD8}"
EndProject
Project("{8BC9CEB8-8B4A-11D0-8D11-00A0C91BC942}") = "ComboBoxEx", "ComboBoxEx\ComboBoxEx.vcxproj", "{025C5A32-32A5-4010-9A51-7760E494185E}"
EndProject
Project("{8BC9CEB8-8B4A-11D0-8D11-00A0C91BC942}") = "DateTimePicker", "DateTimePicker\DateTimePicker.vcxproj", "{7C2B96D1-8D11-415C-9F1B-FD3ABC6B757D}"
EndProject
Project("{8BC9CEB8-8B4A-11D0-8D11-00A0C91BC942}") = "Edit", "Edit\Edit.vcxproj", "{E1050BB8-4553-4590-A774-9547DBF1389E}"
EndProject
Project("{8BC9CEB8-8B4A-11D0-8D11-00A0C91BC942}") = "FlatScrollBar", "FlatScrollBar\FlatScrollBar.vcxproj", "{7713E323-7ABC-423C-BE02-313C2885122D}"
EndProject
Project("{8BC9CEB8-8B4A-11D0-8D11-00A0C91BC942}") = "Header", "Header\Header.vcxproj", "{F421F8AF-E43C-4860-9C69-6118033793A6}"
EndProject
Project("{8BC9CEB8-8B4A-11D0-8D11-00A0C91BC942}") = "HotKey", "HotKey\HotKey.vcxproj", "{8750A887-B520-400A-AE0C-5256D7B103D8}"
EndProject
Project("{8BC9CEB8-8B4A-11D0-8D11-00A0C91BC942}") = "ImageLists", "ImageLists\ImageLists.vcxproj", "{1767CE44-DF0B-431C-83F0-C6B0DAE1F94B}"
EndProject
Project("{8BC9CEB8-8B4A-11D0-8D11-00A0C91BC942}") = "IPAddress", "IPAddress\IPAddress.vcxproj", "{81807F9D-1B19-45AD-AAF3-09A10D3BE816}"
EndProject
Project("{8BC9CEB8-8B4A-11D0-8D11-00A0C91BC942}") = "ListBox", "ListBox\ListBox.vcxproj", "{89C3654E-9A5E-4771-86D9-D22B7894906E}"
EndProject
Project("{8BC9CEB8-8B4A-11D0-8D11-00A0C91BC942}") = "ListView", "ListView\ListView.vcxproj", "{EFE406A8-773C-41C9-ACEF-B969B1A64AEF}"
EndProject
Project("{8BC9CEB8-8B4A-11D0-8D11-00A0C91BC942}") = "MonthCalendar", "MonthCalendar\MonthCalendar.vcxproj", "{40B6AA80-3AE2-46EB-BCA6-AA3C5CCB205A}"
EndProject
Project("{8BC9CEB8-8B4A-11D0-8D11-00A0C91BC942}") = "Pager", "Pager\Pager.vcxproj", "{D8EAD4B9-3E81-44D5-8212-92928642A1E6}"
EndProject
Project("{8BC9CEB8-8B4A-11D0-8D11-00A0C91BC942}") = "ProgressBar", "ProgressBar\ProgressBar.vcxproj", "{82F4BB17-67B7-44B0-B7BB-C5CCA4400DAC}"
EndProject
Project("{8BC9CEB8-8B4A-11D0-8D11-00A0C91BC942}") = "PropertySheet", "PropertySheet\PropertySheet.vcxproj", "{4BD30A02-CE02-453A-AFB2-EC5AB2A00F4F}"
EndProject
Project("{8BC9CEB8-8B4A-11D0-8D11-00A0C91BC942}") = "Rebar", "Rebar\Rebar.vcxproj", "{CED68D24-9441-4C2F-961E-E2947AE86E27}"
EndProject
Project("{8BC9CEB8-8B4A-11D0-8D11-00A0C91BC942}") = "RichEdit", "RichEdit\RichEdit.vcxproj", "{0B40DB27-00B5-4C23-8880-2D9BA099FEA8}"
EndProject
Project("{8BC9CEB8-8B4A-11D0-8D11-00A0C91BC942}") = "ScrollBar", "ScrollBar\ScrollBar.vcxproj", "{8610F17E-348C-4B29-9752-6F58684D3B76}"
EndProject
Project("{8BC9CEB8-8B4A-11D0-8D11-00A0C91BC942}") = "Static", "Static\Static.vcxproj", "{52397690-F15B-41C9-92F7-1C7227805E29}"
EndProject
Project("{8BC9CEB8-8B4A-11D0-8D11-00A0C91BC942}") = "StatusBar", "StatusBar\StatusBar.vcxproj", "{C4812565-A107-40C9-8BD9-2EA03B73B260}"
EndProject
Project("{8BC9CEB8-8B4A-11D0-8D11-00A0C91BC942}") = "SysLink", "SysLink\SysLink.vcxproj", "{70182D3C-4A39-430D-A629-1B9B0EBEF7BA}"
EndProject
Project("{8BC9CEB8-8B4A-11D0-8D11-00A0C91BC942}") = "Tab", "Tab\Tab.vcxproj", "{4DBB7BAC-E844-4265-B5E3-C4E2401BE66D}"
EndProject
Project("{8BC9CEB8-8B4A-11D0-8D11-00A0C91BC942}") = "TaskDialog", "TaskDialog\TaskDialog.vcxproj", "{B020AA7D-CC6E-41A1-89B7-8986F268D3FF}"
EndProject
Project("{8BC9CEB8-8B4A-11D0-8D11-00A0C91BC942}") = "Toolbar", "Toolbar\Toolbar.vcxproj", "{DB17A2CC-45CC-42C6-B429-123148F94B02}"
EndProject
Project("{8BC9CEB8-8B4A-11D0-8D11-00A0C91BC942}") = "Tooltip", "Tooltip\Tooltip.vcxproj", "{7059D1FD-58FE-4409-8808-F89B2CDE4574}"
EndProject
Project("{8BC9CEB8-8B4A-11D0-8D11-00A0C91BC942}") = "Trackbar", "Trackbar\Trackbar.vcxproj", "{3EDAE09A-F1DB-49B3-B2A5-763DF903C587}"
EndProject
Project("{8BC9CEB8-8B4A-11D0-8D11-00A0C91BC942}") = "TreeView", "TreeView\TreeView.vcxproj", "{2A79A804-60D5-473B-AABA-2121A304C65B}"
EndProject
Project("{8BC9CEB8-8B4A-11D0-8D11-00A0C91BC942}") = "UpDown", "UpDown\UpDown.vcxproj", "{D05B7529-4534-4CC6-93FB-A182EF597D98}"
EndProject
Global
	GlobalSection(SolutionConfigurationPlatforms) = preSolution
		Debug|x64 = Debug|x64
		Debug|x86 = Debug|x86
		Release|x64 = Release|x64
		Release|x86 = Release|x86
	EndGlobalSection
	GlobalSection(ProjectConfigurationPlatforms) = postSolution
		{2B53DB60-9DE6-4870-87F6-06B0951AD306}.Debug|x64.ActiveCfg = Debug|x64
		{2B53DB60-9DE6-4870-87F6-06B0951AD306}.Debug|x64.Build.0 = Debug|x64
		{2B53DB60-9DE6-4870-87F6-06B0951AD306}.Debug|x86.ActiveCfg = Debug|Win32
		{2B53DB60-9DE6-4870-87F6-06B0951AD306}.Debug|x86.Build.0 = Debug|Win32
		{2B53DB60-9DE6-4870-87F6-06B0951AD306}.Release|x64.ActiveCfg = Release|x64
		{2B53DB60-9DE6-4870-87F6-06B0951AD306}.Release|x64.Build.0 = Release|x64
		{2B53DB60-9DE6-4870-87F6-06B0951AD306}.Release|x86.ActiveCfg = Release|Win32
		{2B53DB60-9DE6-4870-87F6-06B0951AD306}.Release|x86.Build.0 = Release|Win32
		{7D16947F-E9BC-4803-85E1-BC41C67361E6}.Debug|x64.ActiveCfg = Debug|x64
		{7D16947F-E9BC-4803-85E1-BC41C67361E6}.Debug|x64.Build.0 = Debug|x64
		{7D16947F-E9BC-4803-85E1-BC41C67361E6}.Debug|x86.ActiveCfg = Debug|Win32
		{7D16947F-E9BC-4803-85E1-BC41C67361E6}.Debug|x86.Build.0 = Debug|Win32
		{7D16947F-E9BC-4803-85E1-BC41C67361E6}.Release|x64.ActiveCfg = Release|x64
		{7D16947F-E9BC-4803-85E1-BC41C67361E6}.Release|x64.Build.0 = Release|x64
		{7D16947F-E9BC-4803-85E1-BC41C67361E6}.Release|x86.ActiveCfg = Release|Win32
		{7D16947F-E9BC-4803-85E1-BC41C67361E6}.Release|x86.Build.0 = Release|Win32
		{0DBA6926-357D-4BDB-ADCB-DE6DA33B3BD8}.Debug|x64.ActiveCfg = Debug|x64
		{0DBA6926-357D-4BDB-ADCB-DE6DA33B3BD8}.Debug|x64.Build.0 = Debug|x64
		{0DBA6926-357D-4BDB-ADCB-DE6DA33B3BD8}.Debug|x86.ActiveCfg = Debug|Win32
		{0DBA6926-357D-4BDB-ADCB-DE6DA33B3BD8}.Debug|x86.Build.0 = Debug|Win32
		{0DBA6926-357D-4BDB-ADCB-DE6DA33B3BD8}.Release|x64.ActiveCfg = Release|x64
		{0DBA6926-357D-4BDB-ADCB-DE6DA33B3BD8}.Release|x64.Build.0 = Release|x64
		{0DBA6926-357D-4BDB-ADCB-DE6DA33B3BD8}.Release|x86.ActiveCfg = Release|Win32
		{0DBA6926-357D-4BDB-ADCB-DE6DA33B3BD8}.Release|x86.Build.0 = Release|Win32
		{025C5A32-32A5-4010-9A51-7760E494185E}.Debug|x64.ActiveCfg = Debug|x64
		{025C5A32-32A5-4010-9A51-7760E494185E}.Debug|x64.Build.0 = Debug|x64
		{025C5A32-32A5-4010-9A51-7760E494185E}.Debug|x86.ActiveCfg = Debug|Win32
		{025C5A32-32A5-4010-9A51-7760E494185E}.Debug|x86.Build.0 = Debug|Win32
		{025C5A32-32A5-4010-9A51-7760E494185E}.Release|x64.ActiveCfg = Release|x64
		{025C5A32-32A5-4010-9A51-7760E494185E}.Release|x64.Build.0 = Release|x64
		{025C5A32-32A5-4010-9A51-7760E494185E}.Release|x86.ActiveCfg = Release|Win32
		{025C5A32-32A5-4010-9A51-7760E494185E}.Release|x86.Build.0 = Release|Win32
		{7C2B96D1-8D11-415C-9F1B-FD3ABC6B757D}.Debug|x64.ActiveCfg = Debug|x64
		{7C2B96D1-8D11-415C-9F1B-FD3ABC6B757D}.Debug|x64.Build.0 = Debug|x64
		{7C2B96D1-8D11-415C-9F1B-FD3ABC6B757D}.Debug|x86.ActiveCfg = Debug|Win32
		{7C2B96D1-8D11-415C-9F1B-FD3ABC6B757D}.Debug|x86.Build.0 = Debug|Win32
		{7C2B96D1-8D11-415C-9F1B-FD3ABC6B757D}.Release|x64.ActiveCfg = Release|x64
		{7C2B96D1-8D11-415C-9F1B-FD3ABC6B757D}.Release|x64.Build.0 = Release|x64
		{7C2B96D1-8D11-415C-9F1B-FD3ABC6B757D}.Release|x86.ActiveCfg = Release|Win32
		{7C2B96D1-8D11-415C-9F1B-FD3ABC6B757D}.Release|x86.Build.0 = Release|Win32
		{E1050BB8-4553-4590-A774-9547DBF1389E}.Debug|x64.ActiveCfg = Debug|x64
		{E1050BB8-4553-4590-A774-9547DBF1389E}.Debug|x64.Build.0 = Debug|x64
		{E1050BB8-4553-4590-A774-9547DBF1389E}.Debug|x86.ActiveCfg = Debug|Win32
		{E1050BB8-4553-4590-A774-9547DBF1389E}.Debug|x86.Build.0 = Debug|Win32
		{E1050BB8-4553-4590-A774-9547DBF1389E}.Release|x64.ActiveCfg = Release|x64
		{E1050BB8-4553-4590-A774-9547DBF1389E}.Release|x64.Build.0 = Release|x64
		{E1050BB8-4553-4590-A774-9547DBF1389E}.Release|x86.ActiveCfg = Release|Win32
		{E1050BB8-4553-4590-A774-9547DBF1389E}.Release|x86.Build.0 = Release|Win32
		{7713E323-7ABC-423C-BE02-313C2885122D}.Debug|x64.ActiveCfg = Debug|x64
		{7713E323-7ABC-423C-BE02-313C2885122D}.Debug|x64.Build.0 = Debug|x64
		{7713E323-7ABC-423C-BE02-313C2885122D}.Debug|x86.ActiveCfg = Debug|Win32
		{7713E323-7ABC-423C-BE02-313C2885122D}.Debug|x86.Build.0 = Debug|Win32
		{7713E323-7ABC-423C-BE02-313C2885122D}.Release|x64.ActiveCfg = Release|x64
		{7713E323-7ABC-423C-BE02-313C2885122D}.Release|x64.Build.0 = Release|x64
		{7713E323-7ABC-423C-BE02-313C2885122D}.Release|x86.ActiveCfg = Release|Win32
		{7713E323-7ABC-423C-BE02-313C2885122D}.Release|x86.Build.0 = Release|Win32
		{F421F8AF-E43C-4860-9C69-6118033793A6}.Debug|x64.ActiveCfg = Debug|x64
		{F421F8AF-E43C-4860-9C69-6118033793A6}.Debug|x64.Build.0 = Debug|x64
		{F421F8AF-E43C-4860-9C69-6118033793A6}.Debug|x86.ActiveCfg = Debug|Win32
		{F421F8AF-E43C-4860-9C69-6118033793A6}.Debug|x86.Build.0 = Debug|Win32
		{F421F8AF-E43C-4860-9C69-6118033793A6}.Release|x64.ActiveCfg = Release|x64
		{F421F8AF-E43C-4860-9C69-6118033793A6}.Release|x64.Build.0 = Release|x64
		{F421F8AF-E43C-4860-9C69-6118033793A6}.Release|x86.ActiveCfg = Release|Win32
		{F421F8AF-E43C-4860-9C69-6118033793A6}.Release|x86.Build.0 = Release|Win32
		{8750A887-B520-400A-AE0C-5256D7B103D8}.Debug|x64.ActiveCfg = Debug|x64
		{8750A887-B520-400A-AE0C-5256D7B103D8}.Debug|x64.Build.0 = Debug|x64
		{8750A887-B520-400A-AE0C-5256D7B103D8}.Debug|x86.ActiveCfg = Debug|Win32
		{8750A887-B520-400A-AE0C-5256D7B103D8}.Debug|x86.Build.0 = Debug|Win32
		{8750A887-B520-400A-AE0C-5256D7B103D8}.Release|x64.ActiveCfg = Release|x64
		{8750A887-B520-400A-AE0C-5256D7B103D8}.Release|x64.Build.0 = Release|x64
		{8750A887-B520-400A-AE0C-5256D7B103D8}.Release|x86.ActiveCfg = Release|Win32
		{8750A887-B520-400A-AE0C-5256D7B103D8}.Release|x86.Build.0 = Release|Win32
		{1767CE44-DF0B-431C-83F0-C6B0DAE1F94B}.Debug|x64.ActiveCfg = Debug|x64
		{1767CE44-DF0B-431C-83F0-C6B0DAE1F94B}.Debug|x64.Build.0 = Debug|x64
		{1767CE44-DF0B-431C-83F0-C6B0DAE1F94B}.Debug|x86.ActiveCfg = Debug|Win32
		{1767CE44-DF0B-431C-83F0-C6B0DAE1F94B}.Debug|x86.Build.0 = Debug|Win32
		{1767CE44-DF0B-431C-83F0-C6B0DAE1F94B}.Release|x64.ActiveCfg = Release|x64
		{1767CE44-DF0B-431C-83F0-C6B0DAE1F94B}.Release|x64.Build.0 = Release|x64
		{1767CE44-DF0B-431C-83F0-C6B0DAE1F94B}.Release|x86.ActiveCfg = Release|Win32
		{1767CE44-DF0B-431C-83F0-C6B0DAE1F94B}.Release|x86.Build.0 = Release|Win32
		{81807F9D-1B19-45AD-AAF3-09A10D3BE816}.Debug|x64.ActiveCfg = Debug|x64
		{81807F9D-1B19-45AD-AAF3-09A10D3BE816}.Debug|x64.Build.0 = Debug|x64
		{81807F9D-1B19-45AD-AAF3-09A10D3BE816}.Debug|x86.ActiveCfg = Debug|Win32
		{81807F9D-1B19-45AD-AAF3-09A10D3BE816}.Debug|x86.Build.0 = Debug|Win32
		{81807F9D-1B19-45AD-AAF3-09A10D3BE816}.Release|x64.ActiveCfg = Release|x64
		{81807F9D-1B19-45AD-AAF3-09A10D3BE816}.Release|x64.Build.0 = Release|x64
		{81807F9D-1B19-45AD-AAF3-09A10D3BE816}.Release|x86.ActiveCfg = Release|Win32
		{81807F9D-1B19-45AD-AAF3-09A10D3BE816}.Release|x86.Build.0 = Release|Win32
		{89C3654E-9A5E-4771-86D9-D22B7894906E}.Debug|x64.ActiveCfg = Debug|x64
		{89C3654E-9A5E-4771-86D9-D22B7894906E}.Debug|x64.Build.0 = Debug|x64
		{89C3654E-9A5E-4771-86D9-D22B7894906E}.Debug|x86.ActiveCfg = Debug|Win32
		{89C3654E-9A5E-4771-86D9-D22B7894906E}.Debug|x86.Build.0 = Debug|Win32
		{89C3654E-9A5E-4771-86D9-D22B7894906E}.Release|x64.ActiveCfg = Release|x64
		{89C3654E-9A5E-4771-86D9-D22B7894906E}.Release|x64.Build.0 = Release|x64
		{89C3654E-9A5E-4771-86D9-D22B7894906E}.Release|x86.ActiveCfg = Release|Win32
		{89C3654E-9A5E-4771-86D9-D22B7894906E}.Release|x86.Build.0 = Release|Win32
		{EFE406A8-773C-41C9-ACEF-B969B1A64AEF}.Debug|x64.ActiveCfg = Debug|x64
		{EFE406A8-773C-41C9-ACEF-B969B1A64AEF}.Debug|x64.Build.0 = Debug|x64
		{EFE406A8-773C-41C9-ACEF-B969B1A64AEF}.Debug|x86.ActiveCfg = Debug|Win32
		{EFE406A8-773C-41C9-ACEF-B969B1A64AEF}.Debug|x86.Build.0 = Debug|Win32
		{EFE406A8-773C-41C9-ACEF-B969B1A64AEF}.Release|x64.ActiveCfg = Release|x64
		{EFE406A8-773C-41C9-ACEF-B969B1A64AEF}.Release|x64.Build.0 = Release|x64
		{EFE406A8-773C-41C9-ACEF-B969B1A64AEF}.Release|x86.ActiveCfg = Release|Win32
		{EFE406A8-773C-41C9-ACEF-B969B1A64AEF}.Release|x86.Build.0 = Release|Win32
		{40B6AA80-3AE2-46EB-BCA6-AA3C5CCB205A}.Debug|x64.ActiveCfg = Debug|x64
		{40B6AA80-3AE2-46EB-BCA6-AA3C5CCB205A}.Debug|x64.Build.0 = Debug|x64
		{40B6AA80-3AE2-46EB-BCA6-AA3C5CCB205A}.Debug|x86.ActiveCfg = Debug|Win32
		{40B6AA80-3AE2-46EB-BCA6-AA3C5CCB205A}.Debug|x86.Build.0 = Debug|Win32
		{40B6AA80-3AE2-46EB-BCA6-AA3C5CCB205A}.Release|x64.ActiveCfg = Release|x64
		{40B6AA80-3AE2-46EB-BCA6-AA3C5CCB205A}.Release|x64.Build.0 = Release|x64
		{40B6AA80-3AE2-46EB-BCA6-AA3C5CCB205A}.Release|x86.ActiveCfg = Release|Win32
		{40B6AA80-3AE2-46EB-BCA6-AA3C5CCB205A}.Release|x86.Build.0 = Release|Win32
		{D8EAD4B9-3E81-44D5-8212-92928642A1E6}.Debug|x64.ActiveCfg = Debug|x64
		{D8EAD4B9-3E81-44D5-8212-92928642A1E6}.Debug|x64.Build.0 = Debug|x64
		{D8EAD4B9-3E81-44D5-8212-92928642A1E6}.Debug|x86.ActiveCfg = Debug|Win32
		{D8EAD4B9-3E81-44D5-8212-92928642A1E6}.Debug|x86.Build.0 = Debug|Win32
		{D8EAD4B9-3E81-44D5-8212-92928642A1E6}.Release|x64.ActiveCfg = Release|x64
		{D8EAD4B9-3E81-44D5-8212-92928642A1E6}.Release|x64.Build.0 = Release|x64
		{D8EAD4B9-3E81-44D5-8212-92928642A1E6}.Release|x86.ActiveCfg = Release|Win32
		{D8EAD4B9-3E81-44D5-8212-92928642A1E6}.Release|x86.Build.0 = Release|Win32
		{82F4BB17-67B7-44B0-B7BB-C5CCA4400DAC}.Debug|x64.ActiveCfg = Debug|x64
		{82F4BB17-67B7-44B0-B7BB-C5CCA4400DAC}.Debug|x64.Build.0 = Debug|x64
		{82F4BB17-67B7-44B0-B7BB-C5CCA4400DAC}.Debug|x86.ActiveCfg = Debug|Win32
		{82F4BB17-67B7-44B0-B7BB-C5CCA4400DAC}.Debug|x86.Build.0 = Debug|Win32
		{82F4BB17-67B7-44B0-B7BB-C5CCA4400DAC}.Release|x64.ActiveCfg = Release|x64
		{82F4BB17-67B7-44B0-B7BB-C5CCA4400DAC}.Release|x64.Build.0 = Release|x64
		{82F4BB17-67B7-44B0-B7BB-C5CCA4400DAC}.Release|x86.ActiveCfg = Release|Win32
		{82F4BB17-67B7-44B0-B7BB-C5CCA4400DAC}.Release|x86.Build.0 = Release|Win32
		{4BD30A02-CE02-453A-AFB2-EC5AB2A00F4F}.Debug|x64.ActiveCfg = Debug|x64
		{4BD30A02-CE02-453A-AFB2-EC5AB2A00F4F}.Debug|x64.Build.0 = Debug|x64
		{4BD30A02-CE02-453A-AFB2-EC5AB2A00F4F}.Debug|x86.ActiveCfg = Debug|Win32
		{4BD30A02-CE02-453A-AFB2-EC5AB2A00F4F}.Debug|x86.Build.0 = Debug|Win32
		{4BD30A02-CE02-453A-AFB2-EC5AB2A00F4F}.Release|x64.ActiveCfg = Release|x64
		{4BD30A02-CE02-453A-AFB2-EC5AB2A00F4F}.Release|x64.Build.0 = Release|x64
		{4BD30A02-CE02-453A-AFB2-EC5AB2A00F4F}.Release|x86.ActiveCfg = Release|Win32
		{4BD30A02-CE02-453A-AFB2-EC5AB2A00F4F}.Release|x86.Build.0 = Release|Win32
		{CED68D24-9441-4C2F-961E-E2947AE86E27}.Debug|x64.ActiveCfg = Debug|x64
		{CED68D24-9441-4C2F-961E-E2947AE86E27}.Debug|x64.Build.0 = Debug|x64
		{CED68D24-9441-4C2F-961E-E2947AE86E27}.Debug|x86.ActiveCfg = Debug|Win32
		{CED68D24-9441-4C2F-961E-E2947AE86E27}.Debug|x86.Build.0 = Debug|Win32
		{CED68D24-9441-4C2F-961E-E2947AE86E27}.Release|x64.ActiveCfg = Release|x64
		{CED68D24-9441-4C2F-961E-E2947AE86E27}.Release|x64.Build.0 = Release|x64
		{CED68D24-9441-4C2F-961E-E2947AE86E27}.Release|x86.ActiveCfg = Release|Win32
		{CED68D24-9441-4C2F-961E-E2947AE86E27}.Release|x86.Build.0 = Release|Win32
		{0B40DB27-00B5-4C23-8880-2D9BA099FEA8}.Debug|x64.ActiveCfg = Debug|x64
		{0B40DB27-00B5-4C23-8880-2D9BA099FEA8}.Debug|x64.Build.0 = Debug|x64
		{0B40DB27-00B5-4C23-8880-2D9BA099FEA8}.Debug|x86.ActiveCfg = Debug|Win32
		{0B40DB27-00B5-4C23-8880-2D9BA099FEA8}.Debug|x86.Build.0 = Debug|Win32
		{0B40DB27-00B5-4C23-8880-2D9BA099FEA8}.Release|x64.ActiveCfg = Release|x64
		{0B40DB27-00B5-4C23-8880-2D9BA099FEA8}.Release|x64.Build.0 = Release|x64
		{0B40DB27-00B5-4C23-8880-2D9BA099FEA8}.Release|x86.ActiveCfg = Release|Win32
		{0B40DB27-00B5-4C23-8880-2D9BA099FEA8}.Release|x86.Build.0 = Release|Win32
		{8610F17E-348C-4B29-9752-6F58684D3B76}.Debug|x64.ActiveCfg = Debug|x64
		{8610F17E-348C-4B29-9752-6F58684D3B76}.Debug|x64.Build.0 = Debug|x64
		{8610F17E-348C-4B29-9752-6F58684D3B76}.Debug|x86.ActiveCfg = Debug|Win32
		{8610F17E-348C-4B29-9752-6F58684D3B76}.Debug|x86.Build.0 = Debug|Win32
		{8610F17E-348C-4B29-9752-6F58684D3B76}.Release|x64.ActiveCfg = Release|x64
		{8610F17E-348C-4B29-9752-6F58684D3B76}.Release|x64.Build.0 = Release|x64
		{8610F17E-348C-4B29-9752-6F58684D3B76}.Release|x86.ActiveCfg = Release|Win32
		{8610F17E-348C-4B29-9752-6F58684D3B76}.Release|x86.Build.0 = Release|Win32
		{52397690-F15B-41C9-92F7-1C7227805E29}.Debug|x64.ActiveCfg = Debug|x64
		{52397690-F15B-41C9-92F7-1C7227805E29}.Debug|x64.Build.0 = Debug|x64
		{52397690-F15B-41C9-92F7-1C7227805E29}.Debug|x86.ActiveCfg = Debug|Win32
		{52397690-F15B-41C9-92F7-1C7227805E29}.Debug|x86.Build.0 = Debug|Win32
		{52397690-F15B-41C9-92F7-1C7227805E29}.Release|x64.ActiveCfg = Release|x64
		{52397690-F15B-41C9-92F7-1C7227805E29}.Release|x64.Build.0 = Release|x64
		{52397690-F15B-41C9-92F7-1C7227805E29}.Release|x86.ActiveCfg = Release|Win32
		{52397690-F15B-41C9-92F7-1C7227805E29}.Release|x86.Build.0 = Release|Win32
		{C4812565-A107-40C9-8BD9-2EA03B73B260}.Debug|x64.ActiveCfg = Debug|x64
		{C4812565-A107-40C9-8BD9-2EA03B73B260}.Debug|x64.Build.0 = Debug|x64
		{C4812565-A107-40C9-8BD9-2EA03B73B260}.Debug|x86.ActiveCfg = Debug|Win32
		{C4812565-A107-40C9-8BD9-2EA03B73B260}.Debug|x86.Build.0 = Debug|Win32
		{C4812565-A107-40C9-8BD9-2EA03B73B260}.Release|x64.ActiveCfg = Release|x64
		{C4812565-A107-40C9-8BD9-2EA03B73B260}.Release|x64.Build.0 = Release|x64
		{C4812565-A107-40C9-8BD9-2EA03B73B260}.Release|x86.ActiveCfg = Release|Win32
		{C4812565-A107-40C9-8BD9-2EA03B73B260}.Release|x86.Build.0 = Release|Win32
		{70182D3C-4A39-430D-A629-1B9B0EBEF7BA}.Debug|x64.ActiveCfg = Debug|x64
		{70182D3C-4A39-430D-A629-1B9B0EBEF7BA}.Debug|x64.Build.0 = Debug|x64
		{70182D3C-4A39-430D-A629-1B9B0EBEF7BA}.Debug|x86.ActiveCfg = Debug|Win32
		{70182D3C-4A39-430D-A629-1B9B0EBEF7BA}.Debug|x86.Build.0 = Debug|Win32
		{70182D3C-4A39-430D-A629-1B9B0EBEF7BA}.Release|x64.ActiveCfg = Release|x64
		{70182D3C-4A39-430D-A629-1B9B0EBEF7BA}.Release|x64.Build.0 = Release|x64
		{70182D3C-4A39-430D-A629-1B9B0EBEF7BA}.Release|x86.ActiveCfg = Release|Win32
		{70182D3C-4A39-430D-A629-1B9B0EBEF7BA}.Release|x86.Build.0 = Release|Win32
		{4DBB7BAC-E844-4265-B5E3-C4E2401BE66D}.Debug|x64.ActiveCfg = Debug|x64
		{4DBB7BAC-E844-4265-B5E3-C4E2401BE66D}.Debug|x64.Build.0 = Debug|x64
		{4DBB7BAC-E844-4265-B5E3-C4E2401BE66D}.Debug|x86.ActiveCfg = Debug|Win32
		{4DBB7BAC-E844-4265-B5E3-C4E2401BE66D}.Debug|x86.Build.0 = Debug|Win32
		{4DBB7BAC-E844-4265-B5E3-C4E2401BE66D}.Release|x64.ActiveCfg = Release|x64
		{4DBB7BAC-E844-4265-B5E3-C4E2401BE66D}.Release|x64.Build.0 = Release|x64
		{4DBB7BAC-E844-4265-B5E3-C4E2401BE66D}.Release|x86.ActiveCfg = Release|Win32
		{4DBB7BAC-E844-4265-B5E3-C4E2401BE66D}.Release|x86.Build.0 = Release|Win32
		{B020AA7D-CC6E-41A1-89B7-8986F268D3FF}.Debug|x64.ActiveCfg = Debug|x64
		{B020AA7D-CC6E-41A1-89B7-8986F268D3FF}.Debug|x64.Build.0 = Debug|x64
		{B020AA7D-CC6E-41A1-89B7-8986F268D3FF}.Debug|x86.ActiveCfg = Debug|Win32
		{B020AA7D-CC6E-41A1-89B7-8986F268D3FF}.Debug|x86.Build.0 = Debug|Win32
		{B020AA7D-CC6E-41A1-89B7-8986F268D3FF}.Release|x64.ActiveCfg = Release|x64
		{B020AA7D-CC6E-41A1-89B7-8986F268D3FF}.Release|x64.Build.0 = Release|x64
		{B020AA7D-CC6E-41A1-89B7-8986F268D3FF}.Release|x86.ActiveCfg = Release|Win32
		{B020AA7D-CC6E-41A1-89B7-8986F268D3FF}.Release|x86.Build.0 = Release|Win32
		{DB17A2CC-45CC-42C6-B429-123148F94B02}.Debug|x64.ActiveCfg = Debug|x64
		{DB17A2CC-45CC-42C6-B429-123148F94B02}.Debug|x64.Build.0 = Debug|x64
		{DB17A2CC-45CC-42C6-B429-123148F94B02}.Debug|x86.ActiveCfg = Debug|Win32
		{DB17A2CC-45CC-42C6-B429-123148F94B02}.Debug|x86.Build.0 = Debug|Win32
		{DB17A2CC-45CC-42C6-B429-123148F94B02}.Release|x64.ActiveCfg = Release|x64
		{DB17A2CC-45CC-42C6-B429-123148F94B02}.Release|x64.Build.0 = Release|x64
		{DB17A2CC-45CC-42C6-B429-123148F94B02}.Release|x86.ActiveCfg = Release|Win32
		{DB17A2CC-45CC-42C6-B429-123148F94B02}.Release|x86.Build.0 = Release|Win32
		{7059D1FD-58FE-4409-8808-F89B2CDE4574}.Debug|x64.ActiveCfg = Debug|x64
		{7059D1FD-58FE-4409-8808-F89B2CDE4574}.Debug|x64.Build.0 = Debug|x64
		{7059D1FD-58FE-4409-8808-F89B2CDE4574}.Debug|x86.ActiveCfg = Debug|Win32
		{7059D1FD-58FE-4409-8808-F89B2CDE4574}.Debug|x86.Build.0 = Debug|Win32
		{7059D1FD-58FE-4409-8808-F89B2CDE4574}.Release|x64.ActiveCfg = Release|x64
		{7059D1FD-58FE-4409-8808-F89B2CDE4574}.Release|x64.Build.0 = Release|x64
		{7059D1FD-58FE-4409-8808-F89B2CDE4574}.Release|x86.ActiveCfg = Release|Win32
		{7059D1FD-58FE-4409-8808-F89B2CDE4574}.Release|x86.Build.0 = Release|Win32
		{3EDAE09A-F1DB-49B3-B2A5-763DF903C587}.Debug|x64.ActiveCfg = Debug|x64
		{3EDAE09A-F1DB-49B3-B2A5-763DF903C587}.Debug|x64.Build.0 = Debug|x64
		{3EDAE09A-F1DB-49B3-B2A5-763DF903C587}.Debug|x86.ActiveCfg = Debug|Win32
		{3EDAE09A-F1DB-49B3-B2A5-763DF903C587}.Debug|x86.Build.0 = Debug|Win32
		{3EDAE09A-F1DB-49B3-B2A5-763DF903C587}.Release|x64.ActiveCfg = Release|x64
		{3EDAE09A-F1DB-49B3-B2A5-763DF903C587}.Release|x64.Build.0 = Release|x64
		{3EDAE09A-F1DB-49B3-B2A5-763DF903C587}.Release|x86.ActiveCfg = Release|Win32
		{3EDAE09A-F1DB-49B3-B2A5-763DF903C587}.Release|x86.Build.0 = Release|Win32
		{2A79A804-60D5-473B-AABA-2121A304C65B}.Debug|x64.ActiveCfg = Debug|x64
		{2A79A804-60D5-473B-AABA-2121A304C65B}.Debug|x64.Build.0 = Debug|x64
		{2A79A804-60D5-473B-AABA-2121A304C65B}.Debug|x86.ActiveCfg = Debug|Win32
		{2A79A804-60D5-473B-AABA-2121A304C65B}.Debug|x86.Build.0 = Debug|Win32
		{2A79A804-60D5-473B-AABA-2121A304C65B}.Release|x64.ActiveCfg = Release|x64
		{2A79A804-60D5-473B-AABA-2121A304C65B}.Release|x64.Build.0 = Release|x64
		{2A79A804-60D5-473B-AABA-2121A304C65B}.Release|x86.ActiveCfg = Release|Win32
		{2A79A804-60D5-473B-AABA-2121A304C65B}.Release|x86.Build.0 = Release|Win32
		{D05B7529-4534-4CC6-93FB-A182EF597D98}.Debug|x64.ActiveCfg = Debug|x64
		{D05B7529-4534-4CC6-93FB-A182EF597D98}.Debug|x64.Build.0 = Debug|x64
		{D05B7529-4534-4CC6-93FB-A182EF597D98}.Debug|x86.ActiveCfg = Debug|Win32
		{D05B7529-4534-4CC6-93FB-A182EF597D98}.Debug|x86.Build.0 = Debug|Win32
		{D05B7529-4534-4CC6-93FB-A182EF597D98}.Release|x64.ActiveCfg = Release|x64
		{D05B7529-4534-4CC6-93FB-A182EF597D98}.Release|x64.Build.0 = Release|x64
		{D05B7529-4534-4CC6-93FB-A182EF597D98}.Release|x86.ActiveCfg = Release|Win32
		{D05B7529-4534-4CC6-93FB-A182EF597D98}.Release|x86.Build.0 = Release|Win32
	EndGlobalSection
	GlobalSection(SolutionProperties) = preSolution
		HideSolutionNode = FALSE
	EndGlobalSection
	GlobalSection(ExtensibilityGlobals) = postSolution
		SolutionGuid = {A1C82C00-9BDE-4CDB-9B89-E72B6F6AD6E4}
	EndGlobalSection
EndGlobal
